
Microsoft Visual Studio Solution File, Format Version 12.00
# Visual Studio Version 17
VisualStudioVersion = 17.8.34330.188
MinimumVisualStudioVersion = 10.0.40219.1
Project("{FAE04EC0-301F-11D3-BF4B-00C04F79EFBC}") = "WebApi", "WebApi.csproj", "{A7098D40-4B3C-4D21-B61B-37D034A435F7}"
EndProject
Project("{FAE04EC0-301F-11D3-BF4B-00C04F79EFBC}") = "Infrastructure", "..\Infrastructure\Infrastructure.csproj", "{9696BACF-1C53-478A-A984-2E1E3370BF1E}"
EndProject
Global
	GlobalSection(SolutionConfigurationPlatforms) = preSolution
		Debug|Any CPU = Debug|Any CPU
		Release|Any CPU = Release|Any CPU
	EndGlobalSection
	GlobalSection(ProjectConfigurationPlatforms) = postSolution
		{A7098D40-4B3C-4D21-B61B-37D034A435F7}.Debug|Any CPU.ActiveCfg = Debug|Any CPU
		{A7098D40-4B3C-4D21-B61B-37D034A435F7}.Debug|Any CPU.Build.0 = Debug|Any CPU
		{A7098D40-4B3C-4D21-B61B-37D034A435F7}.Release|Any CPU.ActiveCfg = Release|Any CPU
		{A7098D40-4B3C-4D21-B61B-37D034A435F7}.Release|Any CPU.Build.0 = Release|Any CPU
		{9696BACF-1C53-478A-A984-2E1E3370BF1E}.Debug|Any CPU.ActiveCfg = Debug|Any CPU
		{9696BACF-1C53-478A-A984-2E1E3370BF1E}.Debug|Any CPU.Build.0 = Debug|Any CPU
		{9696BACF-1C53-478A-A984-2E1E3370BF1E}.Release|Any CPU.ActiveCfg = Release|Any CPU
		{9696BACF-1C53-478A-A984-2E1E3370BF1E}.Release|Any CPU.Build.0 = Release|Any CPU
	EndGlobalSection
	GlobalSection(SolutionProperties) = preSolution
		HideSolutionNode = FALSE
	EndGlobalSection
	GlobalSection(ExtensibilityGlobals) = postSolution
		SolutionGuid = {238BC37F-A728-46E1-AEFC-76477FC35229}
	EndGlobalSection
EndGlobal
