
Microsoft Visual Studio Solution File, Format Version 12.00
# Visual Studio Version 17
VisualStudioVersion = 17.8.34330.188
MinimumVisualStudioVersion = 10.0.40219.1
Project("{9A19103F-16F7-4668-BE54-9A1E7A4F7556}") = "CarServiceApi", "CarServiceApi\CarServiceApi.csproj", "{B2A7E883-5DA3-4BB3-BC19-778DE7B523AC}"
EndProject
Project("{9A19103F-16F7-4668-BE54-9A1E7A4F7556}") = "Infrastructure", "Infrastructure\Infrastructure.csproj", "{F771B8BD-D2B0-4465-BE63-51B662288C7A}"
EndProject
Project("{9A19103F-16F7-4668-BE54-9A1E7A4F7556}") = "Application", "Application\Application.csproj", "{B3D38DD6-B04C-4C47-B1CE-002DE5981F8B}"
EndProject
Project("{2150E333-8FDC-42A3-9474-1A3956D46DE8}") = "Solution Files", "Solution Files", "{CC78C075-6C6F-4F05-AAD4-969DF6604314}"
	ProjectSection(SolutionItems) = preProject
		.dockerignore = .dockerignore
		.gitignore = .gitignore
		docker-compose.yml = docker-compose.yml
		Dockerfile = Dockerfile
		README.md = README.md
	EndProjectSection
EndProject
Global
	GlobalSection(SolutionConfigurationPlatforms) = preSolution
		Debug|Any CPU = Debug|Any CPU
		Release|Any CPU = Release|Any CPU
	EndGlobalSection
	GlobalSection(ProjectConfigurationPlatforms) = postSolution
		{B2A7E883-5DA3-4BB3-BC19-778DE7B523AC}.Debug|Any CPU.ActiveCfg = Debug|Any CPU
		{B2A7E883-5DA3-4BB3-BC19-778DE7B523AC}.Debug|Any CPU.Build.0 = Debug|Any CPU
		{B2A7E883-5DA3-4BB3-BC19-778DE7B523AC}.Release|Any CPU.ActiveCfg = Release|Any CPU
		{B2A7E883-5DA3-4BB3-BC19-778DE7B523AC}.Release|Any CPU.Build.0 = Release|Any CPU
		{F771B8BD-D2B0-4465-BE63-51B662288C7A}.Debug|Any CPU.ActiveCfg = Debug|Any CPU
		{F771B8BD-D2B0-4465-BE63-51B662288C7A}.Debug|Any CPU.Build.0 = Debug|Any CPU
		{F771B8BD-D2B0-4465-BE63-51B662288C7A}.Release|Any CPU.ActiveCfg = Release|Any CPU
		{F771B8BD-D2B0-4465-BE63-51B662288C7A}.Release|Any CPU.Build.0 = Release|Any CPU
		{B3D38DD6-B04C-4C47-B1CE-002DE5981F8B}.Debug|Any CPU.ActiveCfg = Debug|Any CPU
		{B3D38DD6-B04C-4C47-B1CE-002DE5981F8B}.Debug|Any CPU.Build.0 = Debug|Any CPU
		{B3D38DD6-B04C-4C47-B1CE-002DE5981F8B}.Release|Any CPU.ActiveCfg = Release|Any CPU
		{B3D38DD6-B04C-4C47-B1CE-002DE5981F8B}.Release|Any CPU.Build.0 = Release|Any CPU
	EndGlobalSection
	GlobalSection(SolutionProperties) = preSolution
		HideSolutionNode = FALSE
	EndGlobalSection
	GlobalSection(ExtensibilityGlobals) = postSolution
		SolutionGuid = {4A5F581B-D1A7-4CBE-BA24-AB5AEE968B2B}
	EndGlobalSection
EndGlobal
